{
  "version": 4,
  "terraform_version": "1.5.7",
  "serial": 17,
  "lineage": "782522b3-a317-8eb6-19d4-46798e9dbc3f",
  "outputs": {},
  "resources": [
    {
      "mode": "managed",
      "type": "aws_eip",
      "name": "idream-jenkins-instance-eip",
      "provider": "provider[\"registry.terraform.io/hashicorp/aws\"]",
      "instances": [
        {
          "schema_version": 0,
          "attributes": {
            "address": null,
            "allocation_id": "eipalloc-05153407ccec4edb1",
            "arn": "arn:aws:ec2:us-east-1:277952408682:elastic-ip/eipalloc-05153407ccec4edb1",
            "associate_with_private_ip": null,
            "association_id": "eipassoc-061cac6cc34f55db6",
            "carrier_ip": "",
            "customer_owned_ip": "",
            "customer_owned_ipv4_pool": "",
            "domain": "vpc",
            "id": "eipalloc-05153407ccec4edb1",
            "instance": "i-00aea024deae1248c",
            "network_border_group": "us-east-1",
            "network_interface": "eni-03a4a031c3645c54d",
            "private_dns": "ip-172-31-8-66.ec2.internal",
            "private_ip": "172.31.8.66",
            "ptr_record": "",
            "public_dns": "ec2-52-206-144-161.compute-1.amazonaws.com",
            "public_ip": "52.206.144.161",
            "public_ipv4_pool": "amazon",
            "tags": {
              "Name": "idream-jenkins-instance-eip",
              "Project": "IDream"
            },
            "tags_all": {
              "Name": "idream-jenkins-instance-eip",
              "Project": "IDream"
            },
            "timeouts": null,
            "vpc": true
          },
          "sensitive_attributes": [],
          "private": "eyJlMmJmYjczMC1lY2FhLTExZTYtOGY4OC0zNDM2M2JjN2M0YzAiOnsiZGVsZXRlIjoxODAwMDAwMDAwMDAsInJlYWQiOjkwMDAwMDAwMDAwMCwidXBkYXRlIjozMDAwMDAwMDAwMDB9fQ==",
          "dependencies": [
            "aws_instance.idream-jenkins-instance",
            "aws_key_pair.idream-jenkins-instance-kp",
            "aws_security_group.idream-jenkins-instance-sg"
          ]
        }
      ]
    },
    {
      "mode": "managed",
      "type": "aws_instance",
      "name": "idream-jenkins-instance",
      "provider": "provider[\"registry.terraform.io/hashicorp/aws\"]",
      "instances": [
        {
          "schema_version": 1,
          "attributes": {
            "ami": "ami-0e001c9271cf7f3b9",
            "arn": "arn:aws:ec2:us-east-1:277952408682:instance/i-00aea024deae1248c",
            "associate_public_ip_address": true,
            "availability_zone": "us-east-1a",
            "capacity_reservation_specification": [
              {
                "capacity_reservation_preference": "open",
                "capacity_reservation_target": []
              }
            ],
            "cpu_core_count": 1,
            "cpu_options": [
              {
                "amd_sev_snp": "",
                "core_count": 1,
                "threads_per_core": 1
              }
            ],
            "cpu_threads_per_core": 1,
            "credit_specification": [
              {
                "cpu_credits": "standard"
              }
            ],
            "disable_api_stop": false,
            "disable_api_termination": false,
            "ebs_block_device": [],
            "ebs_optimized": false,
            "enclave_options": [
              {
                "enabled": false
              }
            ],
            "ephemeral_block_device": [],
            "get_password_data": false,
            "hibernation": false,
            "host_id": "",
            "host_resource_group_arn": null,
            "iam_instance_profile": "",
            "id": "i-00aea024deae1248c",
            "instance_initiated_shutdown_behavior": "stop",
            "instance_lifecycle": "",
            "instance_market_options": [],
            "instance_state": "running",
            "instance_type": "t2.small",
            "ipv6_address_count": 0,
            "ipv6_addresses": [],
            "key_name": "idream-jenkins-instance-kp",
            "launch_template": [],
            "maintenance_options": [
              {
                "auto_recovery": "default"
              }
            ],
            "metadata_options": [
              {
                "http_endpoint": "enabled",
                "http_protocol_ipv6": "disabled",
                "http_put_response_hop_limit": 1,
                "http_tokens": "optional",
                "instance_metadata_tags": "disabled"
              }
            ],
            "monitoring": false,
            "network_interface": [],
            "outpost_arn": "",
            "password_data": "",
            "placement_group": "",
            "placement_partition_number": 0,
            "primary_network_interface_id": "eni-03a4a031c3645c54d",
            "private_dns": "ip-172-31-8-66.ec2.internal",
            "private_dns_name_options": [
              {
                "enable_resource_name_dns_a_record": false,
                "enable_resource_name_dns_aaaa_record": false,
                "hostname_type": "ip-name"
              }
            ],
            "private_ip": "172.31.8.66",
            "public_dns": "ec2-44-223-87-178.compute-1.amazonaws.com",
            "public_ip": "44.223.87.178",
            "root_block_device": [
              {
                "delete_on_termination": true,
                "device_name": "/dev/sda1",
                "encrypted": false,
                "iops": 100,
                "kms_key_id": "",
                "tags": {},
                "tags_all": {},
                "throughput": 0,
                "volume_id": "vol-038382c3171579d0b",
                "volume_size": 8,
                "volume_type": "gp2"
              }
            ],
            "secondary_private_ips": [],
            "security_groups": [
              "idream-jenkins-instance-sg"
            ],
            "source_dest_check": true,
            "spot_instance_request_id": "",
            "subnet_id": "subnet-0230279177957baf8",
            "tags": {
              "Name": "idream-jenkins-instance",
              "Project": "IDream"
            },
            "tags_all": {
              "Name": "idream-jenkins-instance",
              "Project": "IDream"
            },
            "tenancy": "default",
            "timeouts": null,
            "user_data": "8ef77499e323235b7ae81ed48689889d5318512e",
            "user_data_base64": null,
            "user_data_replace_on_change": false,
            "volume_tags": null,
            "vpc_security_group_ids": [
              "sg-0037c2308e01fbd4b"
            ]
          },
          "sensitive_attributes": [],
          "private": "eyJlMmJmYjczMC1lY2FhLTExZTYtOGY4OC0zNDM2M2JjN2M0YzAiOnsiY3JlYXRlIjo2MDAwMDAwMDAwMDAsImRlbGV0ZSI6MTIwMDAwMDAwMDAwMCwicmVhZCI6OTAwMDAwMDAwMDAwLCJ1cGRhdGUiOjYwMDAwMDAwMDAwMH0sInNjaGVtYV92ZXJzaW9uIjoiMSJ9",
          "dependencies": [
            "aws_key_pair.idream-jenkins-instance-kp",
            "aws_security_group.idream-jenkins-instance-sg"
          ]
        }
      ]
    },
    {
      "mode": "managed",
      "type": "aws_key_pair",
      "name": "idream-jenkins-instance-kp",
      "provider": "provider[\"registry.terraform.io/hashicorp/aws\"]",
      "instances": [
        {
          "schema_version": 1,
          "attributes": {
            "arn": "arn:aws:ec2:us-east-1:277952408682:key-pair/idream-jenkins-instance-kp",
            "fingerprint": "54:74:42:92:25:45:87:0e:12:40:73:f6:5d:bd:eb:a7",
            "id": "idream-jenkins-instance-kp",
            "key_name": "idream-jenkins-instance-kp",
            "key_name_prefix": "",
            "key_pair_id": "key-025d990f3b355a954",
            "key_type": "rsa",
            "public_key": "ssh-rsa AAAAB3NzaC1yc2EAAAADAQABAAACAQDCrBM7XefmpZBD92jaLaKifVm1rougsb7FicIrHhaYt7qLx8yAPlp8Ygssm8ZChixfNJARQn5UFjrV+ViV8C+iM8h5r1UFu1BYahB6E8KtLdKXtv7RTH7a3fgMCnnljDBzoHddS6p+Orbw3/thFzn9r6CvWA1v4+xBdPc0lNs28yhtBp49Q1IiHlTZ3NVWoGUMNaZ8PALbknekV4FAd/q1Ul12GvQ/3usuEe1QYuHxzFSPxxMjqP4uZdkYSocvvUK0MPbqH/MsK2fjbZMrZn36xgk4gjSXxxxzGD4thXRRsh5CbXykkGMIBoHeBL0KyOPDEQb2Zrpq1tvkVA95Ci5Y2qkBnZIgvuYiEkIBRZKRVVCRECpBFdOvjGBfnRlzTTq6ElyAneX4kAOK5efetl0AUrbR6BnuGuXn5+TGbizm26xbvLP4/zlONrotgeKtpHdgRz2dhS90v9CND3cylHhMftrXOdqRR3McVQVo5kb+kyGCkjdOkSQ8JfJAQnJMduK25cn867ayssM7NUnmkg4Dz8JahlYqDNBE0AHZidPeMWGf/XUMRkMNX3ACjnmoCujGFV9iWQkulroyox4RqiU0bv1+PxksUyKJ6oGapqEvH8802zGvE+sD6/xvXv+mhrcEMjjsMyo8v0UV9T3+XXwQ4sAkllEUKMfN1LYeMigp+Q== matheussilva@Matheuss-MacBook-Pro.local",
            "tags": null,
            "tags_all": {}
          },
          "sensitive_attributes": [],
          "private": "eyJzY2hlbWFfdmVyc2lvbiI6IjEifQ=="
        }
      ]
    },
    {
      "mode": "managed",
      "type": "aws_security_group",
      "name": "idream-jenkins-instance-sg",
      "provider": "provider[\"registry.terraform.io/hashicorp/aws\"]",
      "instances": [
        {
          "schema_version": 1,
          "attributes": {
            "arn": "arn:aws:ec2:us-east-1:277952408682:security-group/sg-0037c2308e01fbd4b",
            "description": "Security group for IDream jenkins instance",
            "egress": [
              {
                "cidr_blocks": [
                  "0.0.0.0/0"
                ],
                "description": "Allow all outbound traffic",
                "from_port": 0,
                "ipv6_cidr_blocks": [],
                "prefix_list_ids": [],
                "protocol": "-1",
                "security_groups": [],
                "self": false,
                "to_port": 0
              }
            ],
            "id": "sg-0037c2308e01fbd4b",
            "ingress": [
              {
                "cidr_blocks": [
                  "0.0.0.0/0"
                ],
                "description": "Allow all traffic through port 8080",
                "from_port": 8080,
                "ipv6_cidr_blocks": [],
                "prefix_list_ids": [],
                "protocol": "tcp",
                "security_groups": [],
                "self": false,
                "to_port": 8080
              },
              {
                "cidr_blocks": [
                  "148.74.65.116/32"
                ],
                "description": "Allow SSH from my computer",
                "from_port": 22,
                "ipv6_cidr_blocks": [],
                "prefix_list_ids": [],
                "protocol": "tcp",
                "security_groups": [],
                "self": false,
                "to_port": 22
              }
            ],
            "name": "idream-jenkins-instance-sg",
            "name_prefix": "",
            "owner_id": "277952408682",
            "revoke_rules_on_delete": false,
            "tags": {
              "Name": "idream-jenkins-instance-sg",
              "Project": "IDream"
            },
            "tags_all": {
              "Name": "idream-jenkins-instance-sg",
              "Project": "IDream"
            },
            "timeouts": null,
            "vpc_id": "vpc-03c2fa087fd5cfee4"
          },
          "sensitive_attributes": [
            [
              {
                "type": "get_attr",
                "value": "ingress"
              }
            ]
          ],
          "private": "eyJlMmJmYjczMC1lY2FhLTExZTYtOGY4OC0zNDM2M2JjN2M0YzAiOnsiY3JlYXRlIjo2MDAwMDAwMDAwMDAsImRlbGV0ZSI6OTAwMDAwMDAwMDAwfSwic2NoZW1hX3ZlcnNpb24iOiIxIn0="
        }
      ]
    }
  ],
  "check_results": null
}
